// !$*UTF8*$!
{
	archiveVersion = 1;
	classes = {
	};
	objectVersion = 50;
	objects = {

/* Begin PBXBuildFile section */
		2066A1495C45654652A5C235 /* Pods_xTradeTests.framework in Frameworks */ = {isa = PBXBuildFile; fileRef = D5F694810C8F20CBDACC2BE1 /* Pods_xTradeTests.framework */; };
		7049379C4E7C2EB75F24BC41 /* Pods_xTrade.framework in Frameworks */ = {isa = PBXBuildFile; fileRef = 5F60A5E9212A4B2E9DFE4784 /* Pods_xTrade.framework */; };
		D4570F8320D0815D008D946E /* AppDelegate.swift in Sources */ = {isa = PBXBuildFile; fileRef = D4570F8220D0815D008D946E /* AppDelegate.swift */; };
		D4570F8520D0815D008D946E /* MasterViewController.swift in Sources */ = {isa = PBXBuildFile; fileRef = D4570F8420D0815D008D946E /* MasterViewController.swift */; };
		D4570F8720D0815D008D946E /* DetailViewController.swift in Sources */ = {isa = PBXBuildFile; fileRef = D4570F8620D0815D008D946E /* DetailViewController.swift */; };
		D4570F8A20D0815D008D946E /* Main.storyboard in Resources */ = {isa = PBXBuildFile; fileRef = D4570F8820D0815D008D946E /* Main.storyboard */; };
		D4570F8C20D08160008D946E /* Assets.xcassets in Resources */ = {isa = PBXBuildFile; fileRef = D4570F8B20D08160008D946E /* Assets.xcassets */; };
		D4570F8F20D08160008D946E /* LaunchScreen.storyboard in Resources */ = {isa = PBXBuildFile; fileRef = D4570F8D20D08160008D946E /* LaunchScreen.storyboard */; };
		D4570F9A20D08160008D946E /* xTradeTests.swift in Sources */ = {isa = PBXBuildFile; fileRef = D4570F9920D08160008D946E /* xTradeTests.swift */; };
		D4570FA520D08160008D946E /* xTradeUITests.swift in Sources */ = {isa = PBXBuildFile; fileRef = D4570FA420D08160008D946E /* xTradeUITests.swift */; };
		D4570FB320D088AA008D946E /* NYSE.swift in Sources */ = {isa = PBXBuildFile; fileRef = D4570FB220D088AA008D946E /* NYSE.swift */; };
		D4570FB520D088C1008D946E /* Nasdaq.swift in Sources */ = {isa = PBXBuildFile; fileRef = D4570FB420D088C1008D946E /* Nasdaq.swift */; };
		D4570FBB20D08946008D946E /* NetworkController.swift in Sources */ = {isa = PBXBuildFile; fileRef = D4570FBA20D08946008D946E /* NetworkController.swift */; };
		D4570FBD20D0895A008D946E /* NetworkRequestBuilder.swift in Sources */ = {isa = PBXBuildFile; fileRef = D4570FBC20D0895A008D946E /* NetworkRequestBuilder.swift */; };
		D4570FBF20D0896F008D946E /* NetworkDelegate.swift in Sources */ = {isa = PBXBuildFile; fileRef = D4570FBE20D0896F008D946E /* NetworkDelegate.swift */; };
		D4570FC220D08990008D946E /* Stock.swift in Sources */ = {isa = PBXBuildFile; fileRef = D4570FC120D08990008D946E /* Stock.swift */; };
		D4570FC520D08AA3008D946E /* String+.swift in Sources */ = {isa = PBXBuildFile; fileRef = D4570FC420D08AA3008D946E /* String+.swift */; };
		D4570FC820D08B4A008D946E /* DataController.swift in Sources */ = {isa = PBXBuildFile; fileRef = D4570FC720D08B4A008D946E /* DataController.swift */; };
		FD3BC21A060E91D220DD7430 /* Pods_xTradeUITests.framework in Frameworks */ = {isa = PBXBuildFile; fileRef = C367B4FAC2D5EA060996AAEC /* Pods_xTradeUITests.framework */; };
/* End PBXBuildFile section */

/* Begin PBXContainerItemProxy section */
		D4570F9620D08160008D946E /* PBXContainerItemProxy */ = {
			isa = PBXContainerItemProxy;
			containerPortal = D4570F7720D0815D008D946E /* Project object */;
			proxyType = 1;
			remoteGlobalIDString = D4570F7E20D0815D008D946E;
			remoteInfo = xTrade;
		};
		D4570FA120D08160008D946E /* PBXContainerItemProxy */ = {
			isa = PBXContainerItemProxy;
			containerPortal = D4570F7720D0815D008D946E /* Project object */;
			proxyType = 1;
			remoteGlobalIDString = D4570F7E20D0815D008D946E;
			remoteInfo = xTrade;
		};
/* End PBXContainerItemProxy section */

/* Begin PBXFileReference section */
		0FE35EA94DB73A9EE9AB23A5 /* Pods-xTradeUITests.release.xcconfig */ = {isa = PBXFileReference; includeInIndex = 1; lastKnownFileType = text.xcconfig; name = "Pods-xTradeUITests.release.xcconfig"; path = "Pods/Target Support Files/Pods-xTradeUITests/Pods-xTradeUITests.release.xcconfig"; sourceTree = "<group>"; };
		1FB7F3F76AA34A25A4ADF349 /* Pods-xTrade.debug.xcconfig */ = {isa = PBXFileReference; includeInIndex = 1; lastKnownFileType = text.xcconfig; name = "Pods-xTrade.debug.xcconfig"; path = "Pods/Target Support Files/Pods-xTrade/Pods-xTrade.debug.xcconfig"; sourceTree = "<group>"; };
		364D8AAF0D5C4ED913FF17AB /* Pods-xTradeTests.debug.xcconfig */ = {isa = PBXFileReference; includeInIndex = 1; lastKnownFileType = text.xcconfig; name = "Pods-xTradeTests.debug.xcconfig"; path = "Pods/Target Support Files/Pods-xTradeTests/Pods-xTradeTests.debug.xcconfig"; sourceTree = "<group>"; };
		5010C73B61C53C9764464578 /* Pods-xTradeTests.release.xcconfig */ = {isa = PBXFileReference; includeInIndex = 1; lastKnownFileType = text.xcconfig; name = "Pods-xTradeTests.release.xcconfig"; path = "Pods/Target Support Files/Pods-xTradeTests/Pods-xTradeTests.release.xcconfig"; sourceTree = "<group>"; };
		5F60A5E9212A4B2E9DFE4784 /* Pods_xTrade.framework */ = {isa = PBXFileReference; explicitFileType = wrapper.framework; includeInIndex = 0; path = Pods_xTrade.framework; sourceTree = BUILT_PRODUCTS_DIR; };
		607B4A8548310196CD76A62E /* Pods-xTrade.release.xcconfig */ = {isa = PBXFileReference; includeInIndex = 1; lastKnownFileType = text.xcconfig; name = "Pods-xTrade.release.xcconfig"; path = "Pods/Target Support Files/Pods-xTrade/Pods-xTrade.release.xcconfig"; sourceTree = "<group>"; };
		AD82F406776E745B93B5ADB5 /* Pods-xTradeUITests.debug.xcconfig */ = {isa = PBXFileReference; includeInIndex = 1; lastKnownFileType = text.xcconfig; name = "Pods-xTradeUITests.debug.xcconfig"; path = "Pods/Target Support Files/Pods-xTradeUITests/Pods-xTradeUITests.debug.xcconfig"; sourceTree = "<group>"; };
		C367B4FAC2D5EA060996AAEC /* Pods_xTradeUITests.framework */ = {isa = PBXFileReference; explicitFileType = wrapper.framework; includeInIndex = 0; path = Pods_xTradeUITests.framework; sourceTree = BUILT_PRODUCTS_DIR; };
		D4570F7F20D0815D008D946E /* xTrade.app */ = {isa = PBXFileReference; explicitFileType = wrapper.application; includeInIndex = 0; path = xTrade.app; sourceTree = BUILT_PRODUCTS_DIR; };
		D4570F8220D0815D008D946E /* AppDelegate.swift */ = {isa = PBXFileReference; lastKnownFileType = sourcecode.swift; path = AppDelegate.swift; sourceTree = "<group>"; };
		D4570F8420D0815D008D946E /* MasterViewController.swift */ = {isa = PBXFileReference; lastKnownFileType = sourcecode.swift; path = MasterViewController.swift; sourceTree = "<group>"; };
		D4570F8620D0815D008D946E /* DetailViewController.swift */ = {isa = PBXFileReference; lastKnownFileType = sourcecode.swift; path = DetailViewController.swift; sourceTree = "<group>"; };
		D4570F8920D0815D008D946E /* Base */ = {isa = PBXFileReference; lastKnownFileType = file.storyboard; name = Base; path = Base.lproj/Main.storyboard; sourceTree = "<group>"; };
		D4570F8B20D08160008D946E /* Assets.xcassets */ = {isa = PBXFileReference; lastKnownFileType = folder.assetcatalog; path = Assets.xcassets; sourceTree = "<group>"; };
		D4570F8E20D08160008D946E /* Base */ = {isa = PBXFileReference; lastKnownFileType = file.storyboard; name = Base; path = Base.lproj/LaunchScreen.storyboard; sourceTree = "<group>"; };
		D4570F9020D08160008D946E /* Info.plist */ = {isa = PBXFileReference; lastKnownFileType = text.plist.xml; path = Info.plist; sourceTree = "<group>"; };
		D4570F9520D08160008D946E /* xTradeTests.xctest */ = {isa = PBXFileReference; explicitFileType = wrapper.cfbundle; includeInIndex = 0; path = xTradeTests.xctest; sourceTree = BUILT_PRODUCTS_DIR; };
		D4570F9920D08160008D946E /* xTradeTests.swift */ = {isa = PBXFileReference; lastKnownFileType = sourcecode.swift; path = xTradeTests.swift; sourceTree = "<group>"; };
		D4570F9B20D08160008D946E /* Info.plist */ = {isa = PBXFileReference; lastKnownFileType = text.plist.xml; path = Info.plist; sourceTree = "<group>"; };
		D4570FA020D08160008D946E /* xTradeUITests.xctest */ = {isa = PBXFileReference; explicitFileType = wrapper.cfbundle; includeInIndex = 0; path = xTradeUITests.xctest; sourceTree = BUILT_PRODUCTS_DIR; };
		D4570FA420D08160008D946E /* xTradeUITests.swift */ = {isa = PBXFileReference; lastKnownFileType = sourcecode.swift; path = xTradeUITests.swift; sourceTree = "<group>"; };
		D4570FA620D08160008D946E /* Info.plist */ = {isa = PBXFileReference; lastKnownFileType = text.plist.xml; path = Info.plist; sourceTree = "<group>"; };
		D4570FB220D088AA008D946E /* NYSE.swift */ = {isa = PBXFileReference; lastKnownFileType = sourcecode.swift; path = NYSE.swift; sourceTree = "<group>"; };
		D4570FB420D088C1008D946E /* Nasdaq.swift */ = {isa = PBXFileReference; lastKnownFileType = sourcecode.swift; path = Nasdaq.swift; sourceTree = "<group>"; };
		D4570FBA20D08946008D946E /* NetworkController.swift */ = {isa = PBXFileReference; lastKnownFileType = sourcecode.swift; path = NetworkController.swift; sourceTree = "<group>"; };
		D4570FBC20D0895A008D946E /* NetworkRequestBuilder.swift */ = {isa = PBXFileReference; lastKnownFileType = sourcecode.swift; path = NetworkRequestBuilder.swift; sourceTree = "<group>"; };
		D4570FBE20D0896F008D946E /* NetworkDelegate.swift */ = {isa = PBXFileReference; lastKnownFileType = sourcecode.swift; path = NetworkDelegate.swift; sourceTree = "<group>"; };
		D4570FC120D08990008D946E /* Stock.swift */ = {isa = PBXFileReference; lastKnownFileType = sourcecode.swift; path = Stock.swift; sourceTree = "<group>"; };
		D4570FC420D08AA3008D946E /* String+.swift */ = {isa = PBXFileReference; lastKnownFileType = sourcecode.swift; path = "String+.swift"; sourceTree = "<group>"; };
		D4570FC720D08B4A008D946E /* DataController.swift */ = {isa = PBXFileReference; lastKnownFileType = sourcecode.swift; path = DataController.swift; sourceTree = "<group>"; };
		D5F694810C8F20CBDACC2BE1 /* Pods_xTradeTests.framework */ = {isa = PBXFileReference; explicitFileType = wrapper.framework; includeInIndex = 0; path = Pods_xTradeTests.framework; sourceTree = BUILT_PRODUCTS_DIR; };
/* End PBXFileReference section */

/* Begin PBXFrameworksBuildPhase section */
		D4570F7C20D0815D008D946E /* Frameworks */ = {
			isa = PBXFrameworksBuildPhase;
			buildActionMask = 2147483647;
			files = (
				7049379C4E7C2EB75F24BC41 /* Pods_xTrade.framework in Frameworks */,
			);
			runOnlyForDeploymentPostprocessing = 0;
		};
		D4570F9220D08160008D946E /* Frameworks */ = {
			isa = PBXFrameworksBuildPhase;
			buildActionMask = 2147483647;
			files = (
				2066A1495C45654652A5C235 /* Pods_xTradeTests.framework in Frameworks */,
			);
			runOnlyForDeploymentPostprocessing = 0;
		};
		D4570F9D20D08160008D946E /* Frameworks */ = {
			isa = PBXFrameworksBuildPhase;
			buildActionMask = 2147483647;
			files = (
				FD3BC21A060E91D220DD7430 /* Pods_xTradeUITests.framework in Frameworks */,
			);
			runOnlyForDeploymentPostprocessing = 0;
		};
/* End PBXFrameworksBuildPhase section */

/* Begin PBXGroup section */
		3DB25A6F3EB8E9673EAE25FB /* Frameworks */ = {
			isa = PBXGroup;
			children = (
				5F60A5E9212A4B2E9DFE4784 /* Pods_xTrade.framework */,
				D5F694810C8F20CBDACC2BE1 /* Pods_xTradeTests.framework */,
				C367B4FAC2D5EA060996AAEC /* Pods_xTradeUITests.framework */,
			);
			name = Frameworks;
			sourceTree = "<group>";
		};
		4411E65F219E1D84C7ED9BE5 /* Pods */ = {
			isa = PBXGroup;
			children = (
				1FB7F3F76AA34A25A4ADF349 /* Pods-xTrade.debug.xcconfig */,
				607B4A8548310196CD76A62E /* Pods-xTrade.release.xcconfig */,
				364D8AAF0D5C4ED913FF17AB /* Pods-xTradeTests.debug.xcconfig */,
				5010C73B61C53C9764464578 /* Pods-xTradeTests.release.xcconfig */,
				AD82F406776E745B93B5ADB5 /* Pods-xTradeUITests.debug.xcconfig */,
				0FE35EA94DB73A9EE9AB23A5 /* Pods-xTradeUITests.release.xcconfig */,
			);
			name = Pods;
			sourceTree = "<group>";
		};
		D4570F7620D0815D008D946E = {
			isa = PBXGroup;
			children = (
				D4570F8120D0815D008D946E /* xTrade */,
				D4570F9820D08160008D946E /* xTradeTests */,
				D4570FA320D08160008D946E /* xTradeUITests */,
				D4570F8020D0815D008D946E /* Products */,
				4411E65F219E1D84C7ED9BE5 /* Pods */,
				3DB25A6F3EB8E9673EAE25FB /* Frameworks */,
			);
			sourceTree = "<group>";
		};
		D4570F8020D0815D008D946E /* Products */ = {
			isa = PBXGroup;
			children = (
				D4570F7F20D0815D008D946E /* xTrade.app */,
				D4570F9520D08160008D946E /* xTradeTests.xctest */,
				D4570FA020D08160008D946E /* xTradeUITests.xctest */,
			);
			name = Products;
			sourceTree = "<group>";
		};
		D4570F8120D0815D008D946E /* xTrade */ = {
			isa = PBXGroup;
			children = (
				D4570F8220D0815D008D946E /* AppDelegate.swift */,
				D4570F8B20D08160008D946E /* Assets.xcassets */,
				D4570F9020D08160008D946E /* Info.plist */,
				D4570FB820D088F7008D946E /* Views */,
				D4570FC020D08985008D946E /* Models */,
				D4570FC620D08B3E008D946E /* Data */,
				D4570FB920D08921008D946E /* Networking */,
				D4570FC320D08A9A008D946E /* Extensions */,
			);
			path = xTrade;
			sourceTree = "<group>";
		};
		D4570F9820D08160008D946E /* xTradeTests */ = {
			isa = PBXGroup;
			children = (
				D4570F9920D08160008D946E /* xTradeTests.swift */,
				D4570F9B20D08160008D946E /* Info.plist */,
			);
			path = xTradeTests;
			sourceTree = "<group>";
		};
		D4570FA320D08160008D946E /* xTradeUITests */ = {
			isa = PBXGroup;
			children = (
				D4570FA420D08160008D946E /* xTradeUITests.swift */,
				D4570FA620D08160008D946E /* Info.plist */,
			);
			path = xTradeUITests;
			sourceTree = "<group>";
		};
		D4570FB720D088E5008D946E /* Exchanges */ = {
			isa = PBXGroup;
			children = (
				D4570FB220D088AA008D946E /* NYSE.swift */,
				D4570FB420D088C1008D946E /* Nasdaq.swift */,
			);
			path = Exchanges;
			sourceTree = "<group>";
		};
		D4570FB820D088F7008D946E /* Views */ = {
			isa = PBXGroup;
			children = (
				D4570F8820D0815D008D946E /* Main.storyboard */,
				D4570F8D20D08160008D946E /* LaunchScreen.storyboard */,
				D4570F8420D0815D008D946E /* MasterViewController.swift */,
				D4570F8620D0815D008D946E /* DetailViewController.swift */,
			);
			path = Views;
			sourceTree = "<group>";
		};
		D4570FB920D08921008D946E /* Networking */ = {
			isa = PBXGroup;
			children = (
				D4570FBA20D08946008D946E /* NetworkController.swift */,
				D4570FBC20D0895A008D946E /* NetworkRequestBuilder.swift */,
				D4570FBE20D0896F008D946E /* NetworkDelegate.swift */,
			);
			path = Networking;
			sourceTree = "<group>";
		};
		D4570FC020D08985008D946E /* Models */ = {
			isa = PBXGroup;
			children = (
				D4570FB720D088E5008D946E /* Exchanges */,
				D4570FC120D08990008D946E /* Stock.swift */,
			);
			path = Models;
			sourceTree = "<group>";
		};
		D4570FC320D08A9A008D946E /* Extensions */ = {
			isa = PBXGroup;
			children = (
				D4570FC420D08AA3008D946E /* String+.swift */,
			);
			path = Extensions;
			sourceTree = "<group>";
		};
		D4570FC620D08B3E008D946E /* Data */ = {
			isa = PBXGroup;
			children = (
				D4570FC720D08B4A008D946E /* DataController.swift */,
			);
			path = Data;
			sourceTree = "<group>";
		};
/* End PBXGroup section */

/* Begin PBXNativeTarget section */
		D4570F7E20D0815D008D946E /* xTrade */ = {
			isa = PBXNativeTarget;
			buildConfigurationList = D4570FA920D08160008D946E /* Build configuration list for PBXNativeTarget "xTrade" */;
			buildPhases = (
				2294D6EBA8638A83D7EFF60C /* [CP] Check Pods Manifest.lock */,
				D4570F7B20D0815D008D946E /* Sources */,
				D4570F7C20D0815D008D946E /* Frameworks */,
				D4570F7D20D0815D008D946E /* Resources */,
				891C5DC6C9E96636EF7F2FE0 /* [CP] Embed Pods Frameworks */,
			);
			buildRules = (
			);
			dependencies = (
			);
			name = xTrade;
			productName = xTrade;
			productReference = D4570F7F20D0815D008D946E /* xTrade.app */;
			productType = "com.apple.product-type.application";
		};
		D4570F9420D08160008D946E /* xTradeTests */ = {
			isa = PBXNativeTarget;
			buildConfigurationList = D4570FAC20D08160008D946E /* Build configuration list for PBXNativeTarget "xTradeTests" */;
			buildPhases = (
				4CBC6A570D30FEEA5ED378B3 /* [CP] Check Pods Manifest.lock */,
				D4570F9120D08160008D946E /* Sources */,
				D4570F9220D08160008D946E /* Frameworks */,
				D4570F9320D08160008D946E /* Resources */,
			);
			buildRules = (
			);
			dependencies = (
				D4570F9720D08160008D946E /* PBXTargetDependency */,
			);
			name = xTradeTests;
			productName = xTradeTests;
			productReference = D4570F9520D08160008D946E /* xTradeTests.xctest */;
			productType = "com.apple.product-type.bundle.unit-test";
		};
		D4570F9F20D08160008D946E /* xTradeUITests */ = {
			isa = PBXNativeTarget;
			buildConfigurationList = D4570FAF20D08160008D946E /* Build configuration list for PBXNativeTarget "xTradeUITests" */;
			buildPhases = (
				4328BE513A97389E1C152E46 /* [CP] Check Pods Manifest.lock */,
				D4570F9C20D08160008D946E /* Sources */,
				D4570F9D20D08160008D946E /* Frameworks */,
				D4570F9E20D08160008D946E /* Resources */,
			);
			buildRules = (
			);
			dependencies = (
				D4570FA220D08160008D946E /* PBXTargetDependency */,
			);
			name = xTradeUITests;
			productName = xTradeUITests;
			productReference = D4570FA020D08160008D946E /* xTradeUITests.xctest */;
			productType = "com.apple.product-type.bundle.ui-testing";
		};
/* End PBXNativeTarget section */

/* Begin PBXProject section */
		D4570F7720D0815D008D946E /* Project object */ = {
			isa = PBXProject;
			attributes = {
				LastSwiftUpdateCheck = 0930;
				LastUpgradeCheck = 0930;
				ORGANIZATIONNAME = "Rob Broadwell";
				TargetAttributes = {
					D4570F7E20D0815D008D946E = {
						CreatedOnToolsVersion = 9.3.1;
					};
					D4570F9420D08160008D946E = {
						CreatedOnToolsVersion = 9.3.1;
						TestTargetID = D4570F7E20D0815D008D946E;
					};
					D4570F9F20D08160008D946E = {
						CreatedOnToolsVersion = 9.3.1;
						TestTargetID = D4570F7E20D0815D008D946E;
					};
				};
			};
			buildConfigurationList = D4570F7A20D0815D008D946E /* Build configuration list for PBXProject "xTrade" */;
			compatibilityVersion = "Xcode 9.3";
			developmentRegion = en;
			hasScannedForEncodings = 0;
			knownRegions = (
				en,
				Base,
			);
			mainGroup = D4570F7620D0815D008D946E;
			productRefGroup = D4570F8020D0815D008D946E /* Products */;
			projectDirPath = "";
			projectRoot = "";
			targets = (
				D4570F7E20D0815D008D946E /* xTrade */,
				D4570F9420D08160008D946E /* xTradeTests */,
				D4570F9F20D08160008D946E /* xTradeUITests */,
			);
		};
/* End PBXProject section */

/* Begin PBXResourcesBuildPhase section */
		D4570F7D20D0815D008D946E /* Resources */ = {
			isa = PBXResourcesBuildPhase;
			buildActionMask = 2147483647;
			files = (
				D4570F8F20D08160008D946E /* LaunchScreen.storyboard in Resources */,
				D4570F8C20D08160008D946E /* Assets.xcassets in Resources */,
				D4570F8A20D0815D008D946E /* Main.storyboard in Resources */,
			);
			runOnlyForDeploymentPostprocessing = 0;
		};
		D4570F9320D08160008D946E /* Resources */ = {
			isa = PBXResourcesBuildPhase;
			buildActionMask = 2147483647;
			files = (
			);
			runOnlyForDeploymentPostprocessing = 0;
		};
		D4570F9E20D08160008D946E /* Resources */ = {
			isa = PBXResourcesBuildPhase;
			buildActionMask = 2147483647;
			files = (
			);
			runOnlyForDeploymentPostprocessing = 0;
		};
/* End PBXResourcesBuildPhase section */

/* Begin PBXShellScriptBuildPhase section */
		2294D6EBA8638A83D7EFF60C /* [CP] Check Pods Manifest.lock */ = {
			isa = PBXShellScriptBuildPhase;
			buildActionMask = 2147483647;
			files = (
			);
			inputPaths = (
				"${PODS_PODFILE_DIR_PATH}/Podfile.lock",
				"${PODS_ROOT}/Manifest.lock",
			);
			name = "[CP] Check Pods Manifest.lock";
			outputPaths = (
				"$(DERIVED_FILE_DIR)/Pods-xTrade-checkManifestLockResult.txt",
			);
			runOnlyForDeploymentPostprocessing = 0;
			shellPath = /bin/sh;
			shellScript = "diff \"${PODS_PODFILE_DIR_PATH}/Podfile.lock\" \"${PODS_ROOT}/Manifest.lock\" > /dev/null\nif [ $? != 0 ] ; then\n    # print error to STDERR\n    echo \"error: The sandbox is not in sync with the Podfile.lock. Run 'pod install' or update your CocoaPods installation.\" >&2\n    exit 1\nfi\n# This output is used by Xcode 'outputs' to avoid re-running this script phase.\necho \"SUCCESS\" > \"${SCRIPT_OUTPUT_FILE_0}\"\n";
			showEnvVarsInLog = 0;
		};
		4328BE513A97389E1C152E46 /* [CP] Check Pods Manifest.lock */ = {
			isa = PBXShellScriptBuildPhase;
			buildActionMask = 2147483647;
			files = (
			);
			inputPaths = (
				"${PODS_PODFILE_DIR_PATH}/Podfile.lock",
				"${PODS_ROOT}/Manifest.lock",
			);
			name = "[CP] Check Pods Manifest.lock";
			outputPaths = (
				"$(DERIVED_FILE_DIR)/Pods-xTradeUITests-checkManifestLockResult.txt",
			);
			runOnlyForDeploymentPostprocessing = 0;
			shellPath = /bin/sh;
			shellScript = "diff \"${PODS_PODFILE_DIR_PATH}/Podfile.lock\" \"${PODS_ROOT}/Manifest.lock\" > /dev/null\nif [ $? != 0 ] ; then\n    # print error to STDERR\n    echo \"error: The sandbox is not in sync with the Podfile.lock. Run 'pod install' or update your CocoaPods installation.\" >&2\n    exit 1\nfi\n# This output is used by Xcode 'outputs' to avoid re-running this script phase.\necho \"SUCCESS\" > \"${SCRIPT_OUTPUT_FILE_0}\"\n";
			showEnvVarsInLog = 0;
		};
		4CBC6A570D30FEEA5ED378B3 /* [CP] Check Pods Manifest.lock */ = {
			isa = PBXShellScriptBuildPhase;
			buildActionMask = 2147483647;
			files = (
			);
			inputPaths = (
				"${PODS_PODFILE_DIR_PATH}/Podfile.lock",
				"${PODS_ROOT}/Manifest.lock",
			);
			name = "[CP] Check Pods Manifest.lock";
			outputPaths = (
				"$(DERIVED_FILE_DIR)/Pods-xTradeTests-checkManifestLockResult.txt",
			);
			runOnlyForDeploymentPostprocessing = 0;
			shellPath = /bin/sh;
			shellScript = "diff \"${PODS_PODFILE_DIR_PATH}/Podfile.lock\" \"${PODS_ROOT}/Manifest.lock\" > /dev/null\nif [ $? != 0 ] ; then\n    # print error to STDERR\n    echo \"error: The sandbox is not in sync with the Podfile.lock. Run 'pod install' or update your CocoaPods installation.\" >&2\n    exit 1\nfi\n# This output is used by Xcode 'outputs' to avoid re-running this script phase.\necho \"SUCCESS\" > \"${SCRIPT_OUTPUT_FILE_0}\"\n";
			showEnvVarsInLog = 0;
		};
		891C5DC6C9E96636EF7F2FE0 /* [CP] Embed Pods Frameworks */ = {
			isa = PBXShellScriptBuildPhase;
			buildActionMask = 2147483647;
			files = (
			);
			inputPaths = (
				"${SRCROOT}/Pods/Target Support Files/Pods-xTrade/Pods-xTrade-frameworks.sh",
				"${BUILT_PRODUCTS_DIR}/Realm/Realm.framework",
				"${BUILT_PRODUCTS_DIR}/RealmSwift/RealmSwift.framework",
				"${BUILT_PRODUCTS_DIR}/SwiftyJSON/SwiftyJSON.framework",
			);
			name = "[CP] Embed Pods Frameworks";
			outputPaths = (
				"${TARGET_BUILD_DIR}/${FRAMEWORKS_FOLDER_PATH}/Realm.framework",
				"${TARGET_BUILD_DIR}/${FRAMEWORKS_FOLDER_PATH}/RealmSwift.framework",
				"${TARGET_BUILD_DIR}/${FRAMEWORKS_FOLDER_PATH}/SwiftyJSON.framework",
			);
			runOnlyForDeploymentPostprocessing = 0;
			shellPath = /bin/sh;
			shellScript = "\"${SRCROOT}/Pods/Target Support Files/Pods-xTrade/Pods-xTrade-frameworks.sh\"\n";
			showEnvVarsInLog = 0;
		};
/* End PBXShellScriptBuildPhase section */

/* Begin PBXSourcesBuildPhase section */
		D4570F7B20D0815D008D946E /* Sources */ = {
			isa = PBXSourcesBuildPhase;
			buildActionMask = 2147483647;
			files = (
				D4570FB520D088C1008D946E /* Nasdaq.swift in Sources */,
				D4570FB320D088AA008D946E /* NYSE.swift in Sources */,
				D4570FC520D08AA3008D946E /* String+.swift in Sources */,
				D4570FBB20D08946008D946E /* NetworkController.swift in Sources */,
				D4570F8720D0815D008D946E /* DetailViewController.swift in Sources */,
				D4570FC820D08B4A008D946E /* DataController.swift in Sources */,
				D4570FBD20D0895A008D946E /* NetworkRequestBuilder.swift in Sources */,
				D4570FBF20D0896F008D946E /* NetworkDelegate.swift in Sources */,
				D4570F8520D0815D008D946E /* MasterViewController.swift in Sources */,
				D4570F8320D0815D008D946E /* AppDelegate.swift in Sources */,
				D4570FC220D08990008D946E /* Stock.swift in Sources */,
			);
			runOnlyForDeploymentPostprocessing = 0;
		};
		D4570F9120D08160008D946E /* Sources */ = {
			isa = PBXSourcesBuildPhase;
			buildActionMask = 2147483647;
			files = (
				D4570F9A20D08160008D946E /* xTradeTests.swift in Sources */,
			);
			runOnlyForDeploymentPostprocessing = 0;
		};
		D4570F9C20D08160008D946E /* Sources */ = {
			isa = PBXSourcesBuildPhase;
			buildActionMask = 2147483647;
			files = (
				D4570FA520D08160008D946E /* xTradeUITests.swift in Sources */,
			);
			runOnlyForDeploymentPostprocessing = 0;
		};
/* End PBXSourcesBuildPhase section */

/* Begin PBXTargetDependency section */
		D4570F9720D08160008D946E /* PBXTargetDependency */ = {
			isa = PBXTargetDependency;
			target = D4570F7E20D0815D008D946E /* xTrade */;
			targetProxy = D4570F9620D08160008D946E /* PBXContainerItemProxy */;
		};
		D4570FA220D08160008D946E /* PBXTargetDependency */ = {
			isa = PBXTargetDependency;
			target = D4570F7E20D0815D008D946E /* xTrade */;
			targetProxy = D4570FA120D08160008D946E /* PBXContainerItemProxy */;
		};
/* End PBXTargetDependency section */

/* Begin PBXVariantGroup section */
		D4570F8820D0815D008D946E /* Main.storyboard */ = {
			isa = PBXVariantGroup;
			children = (
				D4570F8920D0815D008D946E /* Base */,
			);
			name = Main.storyboard;
			sourceTree = "<group>";
		};
		D4570F8D20D08160008D946E /* LaunchScreen.storyboard */ = {
			isa = PBXVariantGroup;
			children = (
				D4570F8E20D08160008D946E /* Base */,
			);
			name = LaunchScreen.storyboard;
			sourceTree = "<group>";
		};
/* End PBXVariantGroup section */

/* Begin XCBuildConfiguration section */
		D4570FA720D08160008D946E /* Debug */ = {
			isa = XCBuildConfiguration;
			buildSettings = {
				ALWAYS_SEARCH_USER_PATHS = NO;
				CLANG_ANALYZER_NONNULL = YES;
				CLANG_ANALYZER_NUMBER_OBJECT_CONVERSION = YES_AGGRESSIVE;
				CLANG_CXX_LANGUAGE_STANDARD = "gnu++14";
				CLANG_CXX_LIBRARY = "libc++";
				CLANG_ENABLE_MODULES = YES;
				CLANG_ENABLE_OBJC_ARC = YES;
				CLANG_ENABLE_OBJC_WEAK = YES;
				CLANG_WARN_BLOCK_CAPTURE_AUTORELEASING = YES;
				CLANG_WARN_BOOL_CONVERSION = YES;
				CLANG_WARN_COMMA = YES;
				CLANG_WARN_CONSTANT_CONVERSION = YES;
				CLANG_WARN_DEPRECATED_OBJC_IMPLEMENTATIONS = YES;
				CLANG_WARN_DIRECT_OBJC_ISA_USAGE = YES_ERROR;
				CLANG_WARN_DOCUMENTATION_COMMENTS = YES;
				CLANG_WARN_EMPTY_BODY = YES;
				CLANG_WARN_ENUM_CONVERSION = YES;
				CLANG_WARN_INFINITE_RECURSION = YES;
				CLANG_WARN_INT_CONVERSION = YES;
				CLANG_WARN_NON_LITERAL_NULL_CONVERSION = YES;
				CLANG_WARN_OBJC_IMPLICIT_RETAIN_SELF = YES;
				CLANG_WARN_OBJC_LITERAL_CONVERSION = YES;
				CLANG_WARN_OBJC_ROOT_CLASS = YES_ERROR;
				CLANG_WARN_RANGE_LOOP_ANALYSIS = YES;
				CLANG_WARN_STRICT_PROTOTYPES = YES;
				CLANG_WARN_SUSPICIOUS_MOVE = YES;
				CLANG_WARN_UNGUARDED_AVAILABILITY = YES_AGGRESSIVE;
				CLANG_WARN_UNREACHABLE_CODE = YES;
				CLANG_WARN__DUPLICATE_METHOD_MATCH = YES;
				CODE_SIGN_IDENTITY = "iPhone Developer";
				COPY_PHASE_STRIP = NO;
				DEBUG_INFORMATION_FORMAT = dwarf;
				ENABLE_STRICT_OBJC_MSGSEND = YES;
				ENABLE_TESTABILITY = YES;
				GCC_C_LANGUAGE_STANDARD = gnu11;
				GCC_DYNAMIC_NO_PIC = NO;
				GCC_NO_COMMON_BLOCKS = YES;
				GCC_OPTIMIZATION_LEVEL = 0;
				GCC_PREPROCESSOR_DEFINITIONS = (
					"DEBUG=1",
					"$(inherited)",
				);
				GCC_WARN_64_TO_32_BIT_CONVERSION = YES;
				GCC_WARN_ABOUT_RETURN_TYPE = YES_ERROR;
				GCC_WARN_UNDECLARED_SELECTOR = YES;
				GCC_WARN_UNINITIALIZED_AUTOS = YES_AGGRESSIVE;
				GCC_WARN_UNUSED_FUNCTION = YES;
				GCC_WARN_UNUSED_VARIABLE = YES;
				IPHONEOS_DEPLOYMENT_TARGET = 11.3;
				MTL_ENABLE_DEBUG_INFO = YES;
				ONLY_ACTIVE_ARCH = YES;
				SDKROOT = iphoneos;
				SWIFT_ACTIVE_COMPILATION_CONDITIONS = DEBUG;
				SWIFT_OPTIMIZATION_LEVEL = "-Onone";
			};
			name = Debug;
		};
		D4570FA820D08160008D946E /* Release */ = {
			isa = XCBuildConfiguration;
			buildSettings = {
				ALWAYS_SEARCH_USER_PATHS = NO;
				CLANG_ANALYZER_NONNULL = YES;
				CLANG_ANALYZER_NUMBER_OBJECT_CONVERSION = YES_AGGRESSIVE;
				CLANG_CXX_LANGUAGE_STANDARD = "gnu++14";
				CLANG_CXX_LIBRARY = "libc++";
				CLANG_ENABLE_MODULES = YES;
				CLANG_ENABLE_OBJC_ARC = YES;
				CLANG_ENABLE_OBJC_WEAK = YES;
				CLANG_WARN_BLOCK_CAPTURE_AUTORELEASING = YES;
				CLANG_WARN_BOOL_CONVERSION = YES;
				CLANG_WARN_COMMA = YES;
				CLANG_WARN_CONSTANT_CONVERSION = YES;
				CLANG_WARN_DEPRECATED_OBJC_IMPLEMENTATIONS = YES;
				CLANG_WARN_DIRECT_OBJC_ISA_USAGE = YES_ERROR;
				CLANG_WARN_DOCUMENTATION_COMMENTS = YES;
				CLANG_WARN_EMPTY_BODY = YES;
				CLANG_WARN_ENUM_CONVERSION = YES;
				CLANG_WARN_INFINITE_RECURSION = YES;
				CLANG_WARN_INT_CONVERSION = YES;
				CLANG_WARN_NON_LITERAL_NULL_CONVERSION = YES;
				CLANG_WARN_OBJC_IMPLICIT_RETAIN_SELF = YES;
				CLANG_WARN_OBJC_LITERAL_CONVERSION = YES;
				CLANG_WARN_OBJC_ROOT_CLASS = YES_ERROR;
				CLANG_WARN_RANGE_LOOP_ANALYSIS = YES;
				CLANG_WARN_STRICT_PROTOTYPES = YES;
				CLANG_WARN_SUSPICIOUS_MOVE = YES;
				CLANG_WARN_UNGUARDED_AVAILABILITY = YES_AGGRESSIVE;
				CLANG_WARN_UNREACHABLE_CODE = YES;
				CLANG_WARN__DUPLICATE_METHOD_MATCH = YES;
				CODE_SIGN_IDENTITY = "iPhone Developer";
				COPY_PHASE_STRIP = NO;
				DEBUG_INFORMATION_FORMAT = "dwarf-with-dsym";
				ENABLE_NS_ASSERTIONS = NO;
				ENABLE_STRICT_OBJC_MSGSEND = YES;
				GCC_C_LANGUAGE_STANDARD = gnu11;
				GCC_NO_COMMON_BLOCKS = YES;
				GCC_WARN_64_TO_32_BIT_CONVERSION = YES;
				GCC_WARN_ABOUT_RETURN_TYPE = YES_ERROR;
				GCC_WARN_UNDECLARED_SELECTOR = YES;
				GCC_WARN_UNINITIALIZED_AUTOS = YES_AGGRESSIVE;
				GCC_WARN_UNUSED_FUNCTION = YES;
				GCC_WARN_UNUSED_VARIABLE = YES;
				IPHONEOS_DEPLOYMENT_TARGET = 11.3;
				MTL_ENABLE_DEBUG_INFO = NO;
				SDKROOT = iphoneos;
				SWIFT_COMPILATION_MODE = wholemodule;
				SWIFT_OPTIMIZATION_LEVEL = "-O";
				VALIDATE_PRODUCT = YES;
			};
			name = Release;
		};
		D4570FAA20D08160008D946E /* Debug */ = {
			isa = XCBuildConfiguration;
			baseConfigurationReference = 1FB7F3F76AA34A25A4ADF349 /* Pods-xTrade.debug.xcconfig */;
			buildSettings = {
				ASSETCATALOG_COMPILER_APPICON_NAME = AppIcon;
				CODE_SIGN_STYLE = Automatic;
				DEVELOPMENT_TEAM = X87NJ8EGTM;
				INFOPLIST_FILE = xTrade/Info.plist;
				LD_RUNPATH_SEARCH_PATHS = (
					"$(inherited)",
					"@executable_path/Frameworks",
				);
				PRODUCT_BUNDLE_IDENTIFIER = com.jetlag.xTrade;
				PRODUCT_NAME = "$(TARGET_NAME)";
				SWIFT_VERSION = 4.0;
				TARGETED_DEVICE_FAMILY = "1,2";
			};
			name = Debug;
		};
		D4570FAB20D08160008D946E /* Release */ = {
			isa = XCBuildConfiguration;
			baseConfigurationReference = 607B4A8548310196CD76A62E /* Pods-xTrade.release.xcconfig */;
			buildSettings = {
				ASSETCATALOG_COMPILER_APPICON_NAME = AppIcon;
				CODE_SIGN_STYLE = Automatic;
				DEVELOPMENT_TEAM = X87NJ8EGTM;
				INFOPLIST_FILE = xTrade/Info.plist;
				LD_RUNPATH_SEARCH_PATHS = (
					"$(inherited)",
					"@executable_path/Frameworks",
				);
				PRODUCT_BUNDLE_IDENTIFIER = com.jetlag.xTrade;
				PRODUCT_NAME = "$(TARGET_NAME)";
				SWIFT_VERSION = 4.0;
				TARGETED_DEVICE_FAMILY = "1,2";
			};
			name = Release;
		};
		D4570FAD20D08160008D946E /* Debug */ = {
			isa = XCBuildConfiguration;
			baseConfigurationReference = 364D8AAF0D5C4ED913FF17AB /* Pods-xTradeTests.debug.xcconfig */;
			buildSettings = {
				ALWAYS_EMBED_SWIFT_STANDARD_LIBRARIES = YES;
				BUNDLE_LOADER = "$(TEST_HOST)";
				CODE_SIGN_STYLE = Automatic;
				DEVELOPMENT_TEAM = X87NJ8EGTM;
				INFOPLIST_FILE = xTradeTests/Info.plist;
				LD_RUNPATH_SEARCH_PATHS = (
					"$(inherited)",
					"@executable_path/Frameworks",
					"@loader_path/Frameworks",
				);
				PRODUCT_BUNDLE_IDENTIFIER = com.jetlag.xTradeTests;
				PRODUCT_NAME = "$(TARGET_NAME)";
				SWIFT_VERSION = 4.0;
				TARGETED_DEVICE_FAMILY = "1,2";
				TEST_HOST = "$(BUILT_PRODUCTS_DIR)/xTrade.app/xTrade";
			};
			name = Debug;
		};
		D4570FAE20D08160008D946E /* Release */ = {
			isa = XCBuildConfiguration;
			baseConfigurationReference = 5010C73B61C53C9764464578 /* Pods-xTradeTests.release.xcconfig */;
			buildSettings = {
				ALWAYS_EMBED_SWIFT_STANDARD_LIBRARIES = YES;
				BUNDLE_LOADER = "$(TEST_HOST)";
				CODE_SIGN_STYLE = Automatic;
				DEVELOPMENT_TEAM = X87NJ8EGTM;
				INFOPLIST_FILE = xTradeTests/Info.plist;
				LD_RUNPATH_SEARCH_PATHS = (
					"$(inherited)",
					"@executable_path/Frameworks",
					"@loader_path/Frameworks",
				);
				PRODUCT_BUNDLE_IDENTIFIER = com.jetlag.xTradeTests;
				PRODUCT_NAME = "$(TARGET_NAME)";
				SWIFT_VERSION = 4.0;
				TARGETED_DEVICE_FAMILY = "1,2";
				TEST_HOST = "$(BUILT_PRODUCTS_DIR)/xTrade.app/xTrade";
			};
			name = Release;
		};
		D4570FB020D08160008D946E /* Debug */ = {
			isa = XCBuildConfiguration;
			baseConfigurationReference = AD82F406776E745B93B5ADB5 /* Pods-xTradeUITests.debug.xcconfig */;
			buildSettings = {
				ALWAYS_EMBED_SWIFT_STANDARD_LIBRARIES = YES;
				CODE_SIGN_STYLE = Automatic;
				DEVELOPMENT_TEAM = X87NJ8EGTM;
				INFOPLIST_FILE = xTradeUITests/Info.plist;
				LD_RUNPATH_SEARCH_PATHS = (
					"$(inherited)",
					"@executable_path/Frameworks",
					"@loader_path/Frameworks",
				);
				PRODUCT_BUNDLE_IDENTIFIER = com.jetlag.xTradeUITests;
				PRODUCT_NAME = "$(TARGET_NAME)";
				SWIFT_VERSION = 4.0;
				TARGETED_DEVICE_FAMILY = "1,2";
				TEST_TARGET_NAME = xTrade;
			};
			name = Debug;
		};
		D4570FB120D08160008D946E /* Release */ = {
			isa = XCBuildConfiguration;
			baseConfigurationReference = 0FE35EA94DB73A9EE9AB23A5 /* Pods-xTradeUITests.release.xcconfig */;
			buildSettings = {
				ALWAYS_EMBED_SWIFT_STANDARD_LIBRARIES = YES;
				CODE_SIGN_STYLE = Automatic;
				DEVELOPMENT_TEAM = X87NJ8EGTM;
				INFOPLIST_FILE = xTradeUITests/Info.plist;
				LD_RUNPATH_SEARCH_PATHS = (
					"$(inherited)",
					"@executable_path/Frameworks",
					"@loader_path/Frameworks",
				);
				PRODUCT_BUNDLE_IDENTIFIER = com.jetlag.xTradeUITests;
				PRODUCT_NAME = "$(TARGET_NAME)";
				SWIFT_VERSION = 4.0;
				TARGETED_DEVICE_FAMILY = "1,2";
				TEST_TARGET_NAME = xTrade;
			};
			name = Release;
		};
/* End XCBuildConfiguration section */

/* Begin XCConfigurationList section */
		D4570F7A20D0815D008D946E /* Build configuration list for PBXProject "xTrade" */ = {
			isa = XCConfigurationList;
			buildConfigurations = (
				D4570FA720D08160008D946E /* Debug */,
				D4570FA820D08160008D946E /* Release */,
			);
			defaultConfigurationIsVisible = 0;
			defaultConfigurationName = Release;
		};
		D4570FA920D08160008D946E /* Build configuration list for PBXNativeTarget "xTrade" */ = {
			isa = XCConfigurationList;
			buildConfigurations = (
				D4570FAA20D08160008D946E /* Debug */,
				D4570FAB20D08160008D946E /* Release */,
			);
			defaultConfigurationIsVisible = 0;
			defaultConfigurationName = Release;
		};
		D4570FAC20D08160008D946E /* Build configuration list for PBXNativeTarget "xTradeTests" */ = {
			isa = XCConfigurationList;
			buildConfigurations = (
				D4570FAD20D08160008D946E /* Debug */,
				D4570FAE20D08160008D946E /* Release */,
			);
			defaultConfigurationIsVisible = 0;
			defaultConfigurationName = Release;
		};
		D4570FAF20D08160008D946E /* Build configuration list for PBXNativeTarget "xTradeUITests" */ = {
			isa = XCConfigurationList;
			buildConfigurations = (
				D4570FB020D08160008D946E /* Debug */,
				D4570FB120D08160008D946E /* Release */,
			);
			defaultConfigurationIsVisible = 0;
			defaultConfigurationName = Release;
		};
/* End XCConfigurationList section */
	};
	rootObject = D4570F7720D0815D008D946E /* Project object */;
}
